
Microsoft Visual Studio Solution File, Format Version 12.00
# Visual Studio Version 17
VisualStudioVersion = 17.14.36327.8 d17.14
MinimumVisualStudioVersion = 10.0.40219.1
Project("{FAE04EC0-301F-11D3-BF4B-00C04F79EFBC}") = "Game", "Game\Game.csproj", "{5798A8D0-5A06-4E68-B61D-A17772B6106D}"
EndProject
Global
	GlobalSection(SolutionConfigurationPlatforms) = preSolution
		Debug|Any CPU = Debug|Any CPU
		Release|Any CPU = Release|Any CPU
	EndGlobalSection
	GlobalSection(ProjectConfigurationPlatforms) = postSolution
		{5798A8D0-5A06-4E68-B61D-A17772B6106D}.Debug|Any CPU.ActiveCfg = Debug|Any CPU
		{5798A8D0-5A06-4E68-B61D-A17772B6106D}.Debug|Any CPU.Build.0 = Debug|Any CPU
		{5798A8D0-5A06-4E68-B61D-A17772B6106D}.Release|Any CPU.ActiveCfg = Release|Any CPU
		{5798A8D0-5A06-4E68-B61D-A17772B6106D}.Release|Any CPU.Build.0 = Release|Any CPU
	EndGlobalSection
	GlobalSection(SolutionProperties) = preSolution
		HideSolutionNode = FALSE
	EndGlobalSection
	GlobalSection(ExtensibilityGlobals) = postSolution
		SolutionGuid = {FB2C19C3-B739-4E12-9E68-D19C8DFCC7BB}
	EndGlobalSection
EndGlobal
